// !$*UTF8*$!
{
	archiveVersion = 1;
	classes = {
	};
	objectVersion = 55;
	objects = {

/* Begin PBXBuildFile section */
		5AC549E3288A7E070021D200 /* AppDelegate.swift in Sources */ = {isa = PBXBuildFile; fileRef = 5AC549E2288A7E070021D200 /* AppDelegate.swift */; };
		5AC549E5288A7E070021D200 /* SceneDelegate.swift in Sources */ = {isa = PBXBuildFile; fileRef = 5AC549E4288A7E070021D200 /* SceneDelegate.swift */; };
		5AC549EA288A7E070021D200 /* Main.storyboard in Resources */ = {isa = PBXBuildFile; fileRef = 5AC549E8288A7E070021D200 /* Main.storyboard */; };
		5AC549ED288A7E070021D200 /* iOSDoMore.xcdatamodeld in Sources */ = {isa = PBXBuildFile; fileRef = 5AC549EB288A7E070021D200 /* iOSDoMore.xcdatamodeld */; };
		5AC549EF288A7E0D0021D200 /* Assets.xcassets in Resources */ = {isa = PBXBuildFile; fileRef = 5AC549EE288A7E0D0021D200 /* Assets.xcassets */; };
		5AC549F2288A7E0D0021D200 /* LaunchScreen.storyboard in Resources */ = {isa = PBXBuildFile; fileRef = 5AC549F0288A7E0D0021D200 /* LaunchScreen.storyboard */; };
		5AC549FD288A7E0E0021D200 /* iOSDoMoreTests.swift in Sources */ = {isa = PBXBuildFile; fileRef = 5AC549FC288A7E0E0021D200 /* iOSDoMoreTests.swift */; };
		5AC54A07288A7E0E0021D200 /* iOSDoMoreUITests.swift in Sources */ = {isa = PBXBuildFile; fileRef = 5AC54A06288A7E0E0021D200 /* iOSDoMoreUITests.swift */; };
		5AC54A09288A7E0E0021D200 /* iOSDoMoreUITestsLaunchTests.swift in Sources */ = {isa = PBXBuildFile; fileRef = 5AC54A08288A7E0E0021D200 /* iOSDoMoreUITestsLaunchTests.swift */; };
		5AC54A19288A7EAC0021D200 /* HomeViewController.swift in Sources */ = {isa = PBXBuildFile; fileRef = 5AC54A17288A7EAC0021D200 /* HomeViewController.swift */; };
		5AC54A1A288A7EAC0021D200 /* HomeViewController.xib in Resources */ = {isa = PBXBuildFile; fileRef = 5AC54A18288A7EAC0021D200 /* HomeViewController.xib */; };
		5AC54A1D288A83C80021D200 /* ScrollViewController.swift in Sources */ = {isa = PBXBuildFile; fileRef = 5AC54A1B288A83C80021D200 /* ScrollViewController.swift */; };
		5AC54A1E288A83C80021D200 /* ScrollViewController.xib in Resources */ = {isa = PBXBuildFile; fileRef = 5AC54A1C288A83C80021D200 /* ScrollViewController.xib */; };
		5AC54A21288A97480021D200 /* item.swift in Sources */ = {isa = PBXBuildFile; fileRef = 5AC54A20288A97480021D200 /* item.swift */; };
		5AC54A2A288B24DC0021D200 /* ItemCollectionViewCell.swift in Sources */ = {isa = PBXBuildFile; fileRef = 5AC54A28288B24DC0021D200 /* ItemCollectionViewCell.swift */; };
		5AC54A2B288B24DC0021D200 /* ItemCollectionViewCell.xib in Resources */ = {isa = PBXBuildFile; fileRef = 5AC54A29288B24DC0021D200 /* ItemCollectionViewCell.xib */; };
/* End PBXBuildFile section */

/* Begin PBXContainerItemProxy section */
		5AC549F9288A7E0E0021D200 /* PBXContainerItemProxy */ = {
			isa = PBXContainerItemProxy;
			containerPortal = 5AC549D7288A7E070021D200 /* Project object */;
			proxyType = 1;
			remoteGlobalIDString = 5AC549DE288A7E070021D200;
			remoteInfo = iOSDoMore;
		};
		5AC54A03288A7E0E0021D200 /* PBXContainerItemProxy */ = {
			isa = PBXContainerItemProxy;
			containerPortal = 5AC549D7288A7E070021D200 /* Project object */;
			proxyType = 1;
			remoteGlobalIDString = 5AC549DE288A7E070021D200;
			remoteInfo = iOSDoMore;
		};
/* End PBXContainerItemProxy section */

/* Begin PBXFileReference section */
		5AC549DF288A7E070021D200 /* iOSDoMore.app */ = {isa = PBXFileReference; explicitFileType = wrapper.application; includeInIndex = 0; path = iOSDoMore.app; sourceTree = BUILT_PRODUCTS_DIR; };
		5AC549E2288A7E070021D200 /* AppDelegate.swift */ = {isa = PBXFileReference; lastKnownFileType = sourcecode.swift; path = AppDelegate.swift; sourceTree = "<group>"; };
		5AC549E4288A7E070021D200 /* SceneDelegate.swift */ = {isa = PBXFileReference; lastKnownFileType = sourcecode.swift; path = SceneDelegate.swift; sourceTree = "<group>"; };
		5AC549E9288A7E070021D200 /* Base */ = {isa = PBXFileReference; lastKnownFileType = file.storyboard; name = Base; path = Base.lproj/Main.storyboard; sourceTree = "<group>"; };
		5AC549EC288A7E070021D200 /* iOSDoMore.xcdatamodel */ = {isa = PBXFileReference; lastKnownFileType = wrapper.xcdatamodel; path = iOSDoMore.xcdatamodel; sourceTree = "<group>"; };
		5AC549EE288A7E0D0021D200 /* Assets.xcassets */ = {isa = PBXFileReference; lastKnownFileType = folder.assetcatalog; path = Assets.xcassets; sourceTree = "<group>"; };
		5AC549F1288A7E0D0021D200 /* Base */ = {isa = PBXFileReference; lastKnownFileType = file.storyboard; name = Base; path = Base.lproj/LaunchScreen.storyboard; sourceTree = "<group>"; };
		5AC549F3288A7E0D0021D200 /* Info.plist */ = {isa = PBXFileReference; lastKnownFileType = text.plist.xml; path = Info.plist; sourceTree = "<group>"; };
		5AC549F8288A7E0E0021D200 /* iOSDoMoreTests.xctest */ = {isa = PBXFileReference; explicitFileType = wrapper.cfbundle; includeInIndex = 0; path = iOSDoMoreTests.xctest; sourceTree = BUILT_PRODUCTS_DIR; };
		5AC549FC288A7E0E0021D200 /* iOSDoMoreTests.swift */ = {isa = PBXFileReference; lastKnownFileType = sourcecode.swift; path = iOSDoMoreTests.swift; sourceTree = "<group>"; };
		5AC54A02288A7E0E0021D200 /* iOSDoMoreUITests.xctest */ = {isa = PBXFileReference; explicitFileType = wrapper.cfbundle; includeInIndex = 0; path = iOSDoMoreUITests.xctest; sourceTree = BUILT_PRODUCTS_DIR; };
		5AC54A06288A7E0E0021D200 /* iOSDoMoreUITests.swift */ = {isa = PBXFileReference; lastKnownFileType = sourcecode.swift; path = iOSDoMoreUITests.swift; sourceTree = "<group>"; };
		5AC54A08288A7E0E0021D200 /* iOSDoMoreUITestsLaunchTests.swift */ = {isa = PBXFileReference; lastKnownFileType = sourcecode.swift; path = iOSDoMoreUITestsLaunchTests.swift; sourceTree = "<group>"; };
		5AC54A17288A7EAC0021D200 /* HomeViewController.swift */ = {isa = PBXFileReference; lastKnownFileType = sourcecode.swift; path = HomeViewController.swift; sourceTree = "<group>"; };
		5AC54A18288A7EAC0021D200 /* HomeViewController.xib */ = {isa = PBXFileReference; lastKnownFileType = file.xib; path = HomeViewController.xib; sourceTree = "<group>"; };
		5AC54A1B288A83C80021D200 /* ScrollViewController.swift */ = {isa = PBXFileReference; lastKnownFileType = sourcecode.swift; path = ScrollViewController.swift; sourceTree = "<group>"; };
		5AC54A1C288A83C80021D200 /* ScrollViewController.xib */ = {isa = PBXFileReference; lastKnownFileType = file.xib; path = ScrollViewController.xib; sourceTree = "<group>"; };
		5AC54A20288A97480021D200 /* item.swift */ = {isa = PBXFileReference; lastKnownFileType = sourcecode.swift; path = item.swift; sourceTree = "<group>"; };
		5AC54A28288B24DC0021D200 /* ItemCollectionViewCell.swift */ = {isa = PBXFileReference; lastKnownFileType = sourcecode.swift; path = ItemCollectionViewCell.swift; sourceTree = "<group>"; };
		5AC54A29288B24DC0021D200 /* ItemCollectionViewCell.xib */ = {isa = PBXFileReference; lastKnownFileType = file.xib; path = ItemCollectionViewCell.xib; sourceTree = "<group>"; };
/* End PBXFileReference section */

/* Begin PBXFrameworksBuildPhase section */
		5AC549DC288A7E070021D200 /* Frameworks */ = {
			isa = PBXFrameworksBuildPhase;
			buildActionMask = 2147483647;
			files = (
			);
			runOnlyForDeploymentPostprocessing = 0;
		};
		5AC549F5288A7E0E0021D200 /* Frameworks */ = {
			isa = PBXFrameworksBuildPhase;
			buildActionMask = 2147483647;
			files = (
			);
			runOnlyForDeploymentPostprocessing = 0;
		};
		5AC549FF288A7E0E0021D200 /* Frameworks */ = {
			isa = PBXFrameworksBuildPhase;
			buildActionMask = 2147483647;
			files = (
			);
			runOnlyForDeploymentPostprocessing = 0;
		};
/* End PBXFrameworksBuildPhase section */

/* Begin PBXGroup section */
		5AC549D6288A7E070021D200 = {
			isa = PBXGroup;
			children = (
				5AC549E1288A7E070021D200 /* iOSDoMore */,
				5AC549FB288A7E0E0021D200 /* iOSDoMoreTests */,
				5AC54A05288A7E0E0021D200 /* iOSDoMoreUITests */,
				5AC549E0288A7E070021D200 /* Products */,
			);
			sourceTree = "<group>";
		};
		5AC549E0288A7E070021D200 /* Products */ = {
			isa = PBXGroup;
			children = (
				5AC549DF288A7E070021D200 /* iOSDoMore.app */,
				5AC549F8288A7E0E0021D200 /* iOSDoMoreTests.xctest */,
				5AC54A02288A7E0E0021D200 /* iOSDoMoreUITests.xctest */,
			);
			name = Products;
			sourceTree = "<group>";
		};
		5AC549E1288A7E070021D200 /* iOSDoMore */ = {
			isa = PBXGroup;
			children = (
				5AC54A27288B249E0021D200 /* cell */,
				5AC54A1F288A97250021D200 /* modell */,
				5AC54A16288A7E4C0021D200 /* controller */,
				5AC54A15288A7E1C0021D200 /* apputils */,
				5AC549E2288A7E070021D200 /* AppDelegate.swift */,
				5AC549E4288A7E070021D200 /* SceneDelegate.swift */,
				5AC549F3288A7E0D0021D200 /* Info.plist */,
			);
			path = iOSDoMore;
			sourceTree = "<group>";
		};
		5AC549FB288A7E0E0021D200 /* iOSDoMoreTests */ = {
			isa = PBXGroup;
			children = (
				5AC549FC288A7E0E0021D200 /* iOSDoMoreTests.swift */,
			);
			path = iOSDoMoreTests;
			sourceTree = "<group>";
		};
		5AC54A05288A7E0E0021D200 /* iOSDoMoreUITests */ = {
			isa = PBXGroup;
			children = (
				5AC54A06288A7E0E0021D200 /* iOSDoMoreUITests.swift */,
				5AC54A08288A7E0E0021D200 /* iOSDoMoreUITestsLaunchTests.swift */,
			);
			path = iOSDoMoreUITests;
			sourceTree = "<group>";
		};
		5AC54A15288A7E1C0021D200 /* apputils */ = {
			isa = PBXGroup;
			children = (
				5AC549E8288A7E070021D200 /* Main.storyboard */,
				5AC549EB288A7E070021D200 /* iOSDoMore.xcdatamodeld */,
				5AC549F0288A7E0D0021D200 /* LaunchScreen.storyboard */,
				5AC549EE288A7E0D0021D200 /* Assets.xcassets */,
			);
			path = apputils;
			sourceTree = "<group>";
		};
		5AC54A16288A7E4C0021D200 /* controller */ = {
			isa = PBXGroup;
			children = (
				5AC54A17288A7EAC0021D200 /* HomeViewController.swift */,
				5AC54A18288A7EAC0021D200 /* HomeViewController.xib */,
				5AC54A1B288A83C80021D200 /* ScrollViewController.swift */,
				5AC54A1C288A83C80021D200 /* ScrollViewController.xib */,
			);
			path = controller;
			sourceTree = "<group>";
		};
		5AC54A1F288A97250021D200 /* modell */ = {
			isa = PBXGroup;
			children = (
				5AC54A20288A97480021D200 /* item.swift */,
			);
			path = modell;
			sourceTree = "<group>";
		};
		5AC54A27288B249E0021D200 /* cell */ = {
			isa = PBXGroup;
			children = (
				5AC54A28288B24DC0021D200 /* ItemCollectionViewCell.swift */,
				5AC54A29288B24DC0021D200 /* ItemCollectionViewCell.xib */,
			);
			path = cell;
			sourceTree = "<group>";
		};
/* End PBXGroup section */

/* Begin PBXNativeTarget section */
		5AC549DE288A7E070021D200 /* iOSDoMore */ = {
			isa = PBXNativeTarget;
			buildConfigurationList = 5AC54A0C288A7E0E0021D200 /* Build configuration list for PBXNativeTarget "iOSDoMore" */;
			buildPhases = (
				5AC549DB288A7E070021D200 /* Sources */,
				5AC549DC288A7E070021D200 /* Frameworks */,
				5AC549DD288A7E070021D200 /* Resources */,
			);
			buildRules = (
			);
			dependencies = (
			);
			name = iOSDoMore;
			productName = iOSDoMore;
			productReference = 5AC549DF288A7E070021D200 /* iOSDoMore.app */;
			productType = "com.apple.product-type.application";
		};
		5AC549F7288A7E0E0021D200 /* iOSDoMoreTests */ = {
			isa = PBXNativeTarget;
			buildConfigurationList = 5AC54A0F288A7E0E0021D200 /* Build configuration list for PBXNativeTarget "iOSDoMoreTests" */;
			buildPhases = (
				5AC549F4288A7E0E0021D200 /* Sources */,
				5AC549F5288A7E0E0021D200 /* Frameworks */,
				5AC549F6288A7E0E0021D200 /* Resources */,
			);
			buildRules = (
			);
			dependencies = (
				5AC549FA288A7E0E0021D200 /* PBXTargetDependency */,
			);
			name = iOSDoMoreTests;
			productName = iOSDoMoreTests;
			productReference = 5AC549F8288A7E0E0021D200 /* iOSDoMoreTests.xctest */;
			productType = "com.apple.product-type.bundle.unit-test";
		};
		5AC54A01288A7E0E0021D200 /* iOSDoMoreUITests */ = {
			isa = PBXNativeTarget;
			buildConfigurationList = 5AC54A12288A7E0E0021D200 /* Build configuration list for PBXNativeTarget "iOSDoMoreUITests" */;
			buildPhases = (
				5AC549FE288A7E0E0021D200 /* Sources */,
				5AC549FF288A7E0E0021D200 /* Frameworks */,
				5AC54A00288A7E0E0021D200 /* Resources */,
			);
			buildRules = (
			);
			dependencies = (
				5AC54A04288A7E0E0021D200 /* PBXTargetDependency */,
			);
			name = iOSDoMoreUITests;
			productName = iOSDoMoreUITests;
			productReference = 5AC54A02288A7E0E0021D200 /* iOSDoMoreUITests.xctest */;
			productType = "com.apple.product-type.bundle.ui-testing";
		};
/* End PBXNativeTarget section */

/* Begin PBXProject section */
		5AC549D7288A7E070021D200 /* Project object */ = {
			isa = PBXProject;
			attributes = {
				BuildIndependentTargetsInParallel = 1;
				LastSwiftUpdateCheck = 1340;
				LastUpgradeCheck = 1340;
				TargetAttributes = {
					5AC549DE288A7E070021D200 = {
						CreatedOnToolsVersion = 13.4.1;
					};
					5AC549F7288A7E0E0021D200 = {
						CreatedOnToolsVersion = 13.4.1;
						TestTargetID = 5AC549DE288A7E070021D200;
					};
					5AC54A01288A7E0E0021D200 = {
						CreatedOnToolsVersion = 13.4.1;
						TestTargetID = 5AC549DE288A7E070021D200;
					};
				};
			};
			buildConfigurationList = 5AC549DA288A7E070021D200 /* Build configuration list for PBXProject "iOSDoMore" */;
			compatibilityVersion = "Xcode 13.0";
			developmentRegion = en;
			hasScannedForEncodings = 0;
			knownRegions = (
				en,
				Base,
			);
			mainGroup = 5AC549D6288A7E070021D200;
			productRefGroup = 5AC549E0288A7E070021D200 /* Products */;
			projectDirPath = "";
			projectRoot = "";
			targets = (
				5AC549DE288A7E070021D200 /* iOSDoMore */,
				5AC549F7288A7E0E0021D200 /* iOSDoMoreTests */,
				5AC54A01288A7E0E0021D200 /* iOSDoMoreUITests */,
			);
		};
/* End PBXProject section */

/* Begin PBXResourcesBuildPhase section */
		5AC549DD288A7E070021D200 /* Resources */ = {
			isa = PBXResourcesBuildPhase;
			buildActionMask = 2147483647;
			files = (
				5AC549F2288A7E0D0021D200 /* LaunchScreen.storyboard in Resources */,
				5AC549EF288A7E0D0021D200 /* Assets.xcassets in Resources */,
				5AC54A1E288A83C80021D200 /* ScrollViewController.xib in Resources */,
				5AC54A2B288B24DC0021D200 /* ItemCollectionViewCell.xib in Resources */,
				5AC549EA288A7E070021D200 /* Main.storyboard in Resources */,
				5AC54A1A288A7EAC0021D200 /* HomeViewController.xib in Resources */,
			);
			runOnlyForDeploymentPostprocessing = 0;
		};
		5AC549F6288A7E0E0021D200 /* Resources */ = {
			isa = PBXResourcesBuildPhase;
			buildActionMask = 2147483647;
			files = (
			);
			runOnlyForDeploymentPostprocessing = 0;
		};
		5AC54A00288A7E0E0021D200 /* Resources */ = {
			isa = PBXResourcesBuildPhase;
			buildActionMask = 2147483647;
			files = (
			);
			runOnlyForDeploymentPostprocessing = 0;
		};
/* End PBXResourcesBuildPhase section */

/* Begin PBXSourcesBuildPhase section */
		5AC549DB288A7E070021D200 /* Sources */ = {
			isa = PBXSourcesBuildPhase;
			buildActionMask = 2147483647;
			files = (
				5AC549E3288A7E070021D200 /* AppDelegate.swift in Sources */,
				5AC549E5288A7E070021D200 /* SceneDelegate.swift in Sources */,
				5AC54A1D288A83C80021D200 /* ScrollViewController.swift in Sources */,
				5AC549ED288A7E070021D200 /* iOSDoMore.xcdatamodeld in Sources */,
				5AC54A21288A97480021D200 /* item.swift in Sources */,
				5AC54A19288A7EAC0021D200 /* HomeViewController.swift in Sources */,
				5AC54A2A288B24DC0021D200 /* ItemCollectionViewCell.swift in Sources */,
			);
			runOnlyForDeploymentPostprocessing = 0;
		};
		5AC549F4288A7E0E0021D200 /* Sources */ = {
			isa = PBXSourcesBuildPhase;
			buildActionMask = 2147483647;
			files = (
				5AC549FD288A7E0E0021D200 /* iOSDoMoreTests.swift in Sources */,
			);
			runOnlyForDeploymentPostprocessing = 0;
		};
		5AC549FE288A7E0E0021D200 /* Sources */ = {
			isa = PBXSourcesBuildPhase;
			buildActionMask = 2147483647;
			files = (
				5AC54A09288A7E0E0021D200 /* iOSDoMoreUITestsLaunchTests.swift in Sources */,
				5AC54A07288A7E0E0021D200 /* iOSDoMoreUITests.swift in Sources */,
			);
			runOnlyForDeploymentPostprocessing = 0;
		};
/* End PBXSourcesBuildPhase section */

/* Begin PBXTargetDependency section */
		5AC549FA288A7E0E0021D200 /* PBXTargetDependency */ = {
			isa = PBXTargetDependency;
			target = 5AC549DE288A7E070021D200 /* iOSDoMore */;
			targetProxy = 5AC549F9288A7E0E0021D200 /* PBXContainerItemProxy */;
		};
		5AC54A04288A7E0E0021D200 /* PBXTargetDependency */ = {
			isa = PBXTargetDependency;
			target = 5AC549DE288A7E070021D200 /* iOSDoMore */;
			targetProxy = 5AC54A03288A7E0E0021D200 /* PBXContainerItemProxy */;
		};
/* End PBXTargetDependency section */

/* Begin PBXVariantGroup section */
		5AC549E8288A7E070021D200 /* Main.storyboard */ = {
			isa = PBXVariantGroup;
			children = (
				5AC549E9288A7E070021D200 /* Base */,
			);
			name = Main.storyboard;
			sourceTree = "<group>";
		};
		5AC549F0288A7E0D0021D200 /* LaunchScreen.storyboard */ = {
			isa = PBXVariantGroup;
			children = (
				5AC549F1288A7E0D0021D200 /* Base */,
			);
			name = LaunchScreen.storyboard;
			sourceTree = "<group>";
		};
/* End PBXVariantGroup section */

/* Begin XCBuildConfiguration section */
		5AC54A0A288A7E0E0021D200 /* Debug */ = {
			isa = XCBuildConfiguration;
			buildSettings = {
				ALWAYS_SEARCH_USER_PATHS = NO;
				CLANG_ANALYZER_NONNULL = YES;
				CLANG_ANALYZER_NUMBER_OBJECT_CONVERSION = YES_AGGRESSIVE;
				CLANG_CXX_LANGUAGE_STANDARD = "gnu++17";
				CLANG_ENABLE_MODULES = YES;
				CLANG_ENABLE_OBJC_ARC = YES;
				CLANG_ENABLE_OBJC_WEAK = YES;
				CLANG_WARN_BLOCK_CAPTURE_AUTORELEASING = YES;
				CLANG_WARN_BOOL_CONVERSION = YES;
				CLANG_WARN_COMMA = YES;
				CLANG_WARN_CONSTANT_CONVERSION = YES;
				CLANG_WARN_DEPRECATED_OBJC_IMPLEMENTATIONS = YES;
				CLANG_WARN_DIRECT_OBJC_ISA_USAGE = YES_ERROR;
				CLANG_WARN_DOCUMENTATION_COMMENTS = YES;
				CLANG_WARN_EMPTY_BODY = YES;
				CLANG_WARN_ENUM_CONVERSION = YES;
				CLANG_WARN_INFINITE_RECURSION = YES;
				CLANG_WARN_INT_CONVERSION = YES;
				CLANG_WARN_NON_LITERAL_NULL_CONVERSION = YES;
				CLANG_WARN_OBJC_IMPLICIT_RETAIN_SELF = YES;
				CLANG_WARN_OBJC_LITERAL_CONVERSION = YES;
				CLANG_WARN_OBJC_ROOT_CLASS = YES_ERROR;
				CLANG_WARN_QUOTED_INCLUDE_IN_FRAMEWORK_HEADER = YES;
				CLANG_WARN_RANGE_LOOP_ANALYSIS = YES;
				CLANG_WARN_STRICT_PROTOTYPES = YES;
				CLANG_WARN_SUSPICIOUS_MOVE = YES;
				CLANG_WARN_UNGUARDED_AVAILABILITY = YES_AGGRESSIVE;
				CLANG_WARN_UNREACHABLE_CODE = YES;
				CLANG_WARN__DUPLICATE_METHOD_MATCH = YES;
				COPY_PHASE_STRIP = NO;
				DEBUG_INFORMATION_FORMAT = dwarf;
				ENABLE_STRICT_OBJC_MSGSEND = YES;
				ENABLE_TESTABILITY = YES;
				GCC_C_LANGUAGE_STANDARD = gnu11;
				GCC_DYNAMIC_NO_PIC = NO;
				GCC_NO_COMMON_BLOCKS = YES;
				GCC_OPTIMIZATION_LEVEL = 0;
				GCC_PREPROCESSOR_DEFINITIONS = (
					"DEBUG=1",
					"$(inherited)",
				);
				GCC_WARN_64_TO_32_BIT_CONVERSION = YES;
				GCC_WARN_ABOUT_RETURN_TYPE = YES_ERROR;
				GCC_WARN_UNDECLARED_SELECTOR = YES;
				GCC_WARN_UNINITIALIZED_AUTOS = YES_AGGRESSIVE;
				GCC_WARN_UNUSED_FUNCTION = YES;
				GCC_WARN_UNUSED_VARIABLE = YES;
				IPHONEOS_DEPLOYMENT_TARGET = 15.5;
				MTL_ENABLE_DEBUG_INFO = INCLUDE_SOURCE;
				MTL_FAST_MATH = YES;
				ONLY_ACTIVE_ARCH = YES;
				SDKROOT = iphoneos;
				SWIFT_ACTIVE_COMPILATION_CONDITIONS = DEBUG;
				SWIFT_OPTIMIZATION_LEVEL = "-Onone";
			};
			name = Debug;
		};
		5AC54A0B288A7E0E0021D200 /* Release */ = {
			isa = XCBuildConfiguration;
			buildSettings = {
				ALWAYS_SEARCH_USER_PATHS = NO;
				CLANG_ANALYZER_NONNULL = YES;
				CLANG_ANALYZER_NUMBER_OBJECT_CONVERSION = YES_AGGRESSIVE;
				CLANG_CXX_LANGUAGE_STANDARD = "gnu++17";
				CLANG_ENABLE_MODULES = YES;
				CLANG_ENABLE_OBJC_ARC = YES;
				CLANG_ENABLE_OBJC_WEAK = YES;
				CLANG_WARN_BLOCK_CAPTURE_AUTORELEASING = YES;
				CLANG_WARN_BOOL_CONVERSION = YES;
				CLANG_WARN_COMMA = YES;
				CLANG_WARN_CONSTANT_CONVERSION = YES;
				CLANG_WARN_DEPRECATED_OBJC_IMPLEMENTATIONS = YES;
				CLANG_WARN_DIRECT_OBJC_ISA_USAGE = YES_ERROR;
				CLANG_WARN_DOCUMENTATION_COMMENTS = YES;
				CLANG_WARN_EMPTY_BODY = YES;
				CLANG_WARN_ENUM_CONVERSION = YES;
				CLANG_WARN_INFINITE_RECURSION = YES;
				CLANG_WARN_INT_CONVERSION = YES;
				CLANG_WARN_NON_LITERAL_NULL_CONVERSION = YES;
				CLANG_WARN_OBJC_IMPLICIT_RETAIN_SELF = YES;
				CLANG_WARN_OBJC_LITERAL_CONVERSION = YES;
				CLANG_WARN_OBJC_ROOT_CLASS = YES_ERROR;
				CLANG_WARN_QUOTED_INCLUDE_IN_FRAMEWORK_HEADER = YES;
				CLANG_WARN_RANGE_LOOP_ANALYSIS = YES;
				CLANG_WARN_STRICT_PROTOTYPES = YES;
				CLANG_WARN_SUSPICIOUS_MOVE = YES;
				CLANG_WARN_UNGUARDED_AVAILABILITY = YES_AGGRESSIVE;
				CLANG_WARN_UNREACHABLE_CODE = YES;
				CLANG_WARN__DUPLICATE_METHOD_MATCH = YES;
				COPY_PHASE_STRIP = NO;
				DEBUG_INFORMATION_FORMAT = "dwarf-with-dsym";
				ENABLE_NS_ASSERTIONS = NO;
				ENABLE_STRICT_OBJC_MSGSEND = YES;
				GCC_C_LANGUAGE_STANDARD = gnu11;
				GCC_NO_COMMON_BLOCKS = YES;
				GCC_WARN_64_TO_32_BIT_CONVERSION = YES;
				GCC_WARN_ABOUT_RETURN_TYPE = YES_ERROR;
				GCC_WARN_UNDECLARED_SELECTOR = YES;
				GCC_WARN_UNINITIALIZED_AUTOS = YES_AGGRESSIVE;
				GCC_WARN_UNUSED_FUNCTION = YES;
				GCC_WARN_UNUSED_VARIABLE = YES;
				IPHONEOS_DEPLOYMENT_TARGET = 15.5;
				MTL_ENABLE_DEBUG_INFO = NO;
				MTL_FAST_MATH = YES;
				SDKROOT = iphoneos;
				SWIFT_COMPILATION_MODE = wholemodule;
				SWIFT_OPTIMIZATION_LEVEL = "-O";
				VALIDATE_PRODUCT = YES;
			};
			name = Release;
		};
		5AC54A0D288A7E0E0021D200 /* Debug */ = {
			isa = XCBuildConfiguration;
			buildSettings = {
				ASSETCATALOG_COMPILER_APPICON_NAME = AppIcon;
				ASSETCATALOG_COMPILER_GLOBAL_ACCENT_COLOR_NAME = AccentColor;
				CODE_SIGN_STYLE = Automatic;
				CURRENT_PROJECT_VERSION = 1;
				GENERATE_INFOPLIST_FILE = YES;
				INFOPLIST_FILE = iOSDoMore/Info.plist;
				INFOPLIST_KEY_UIApplicationSupportsIndirectInputEvents = YES;
				INFOPLIST_KEY_UILaunchStoryboardName = LaunchScreen;
				INFOPLIST_KEY_UIMainStoryboardFile = Main;
				INFOPLIST_KEY_UISupportedInterfaceOrientations_iPad = "UIInterfaceOrientationPortrait UIInterfaceOrientationPortraitUpsideDown UIInterfaceOrientationLandscapeLeft UIInterfaceOrientationLandscapeRight";
				INFOPLIST_KEY_UISupportedInterfaceOrientations_iPhone = "UIInterfaceOrientationPortrait UIInterfaceOrientationLandscapeLeft UIInterfaceOrientationLandscapeRight";
				LD_RUNPATH_SEARCH_PATHS = (
					"$(inherited)",
					"@executable_path/Frameworks",
				);
				MARKETING_VERSION = 1.0;
				PRODUCT_BUNDLE_IDENTIFIER = Mysolt.iOSDoMore;
				PRODUCT_NAME = "$(TARGET_NAME)";
				SWIFT_EMIT_LOC_STRINGS = YES;
				SWIFT_VERSION = 5.0;
				TARGETED_DEVICE_FAMILY = "1,2";
			};
			name = Debug;
		};
		5AC54A0E288A7E0E0021D200 /* Release */ = {
			isa = XCBuildConfiguration;
			buildSettings = {
				ASSETCATALOG_COMPILER_APPICON_NAME = AppIcon;
				ASSETCATALOG_COMPILER_GLOBAL_ACCENT_COLOR_NAME = AccentColor;
				CODE_SIGN_STYLE = Automatic;
				CURRENT_PROJECT_VERSION = 1;
				GENERATE_INFOPLIST_FILE = YES;
				INFOPLIST_FILE = iOSDoMore/Info.plist;
				INFOPLIST_KEY_UIApplicationSupportsIndirectInputEvents = YES;
				INFOPLIST_KEY_UILaunchStoryboardName = LaunchScreen;
				INFOPLIST_KEY_UIMainStoryboardFile = Main;
				INFOPLIST_KEY_UISupportedInterfaceOrientations_iPad = "UIInterfaceOrientationPortrait UIInterfaceOrientationPortraitUpsideDown UIInterfaceOrientationLandscapeLeft UIInterfaceOrientationLandscapeRight";
				INFOPLIST_KEY_UISupportedInterfaceOrientations_iPhone = "UIInterfaceOrientationPortrait UIInterfaceOrientationLandscapeLeft UIInterfaceOrientationLandscapeRight";
				LD_RUNPATH_SEARCH_PATHS = (
					"$(inherited)",
					"@executable_path/Frameworks",
				);
				MARKETING_VERSION = 1.0;
				PRODUCT_BUNDLE_IDENTIFIER = Mysolt.iOSDoMore;
				PRODUCT_NAME = "$(TARGET_NAME)";
				SWIFT_EMIT_LOC_STRINGS = YES;
				SWIFT_VERSION = 5.0;
				TARGETED_DEVICE_FAMILY = "1,2";
			};
			name = Release;
		};
		5AC54A10288A7E0E0021D200 /* Debug */ = {
			isa = XCBuildConfiguration;
			buildSettings = {
				ALWAYS_EMBED_SWIFT_STANDARD_LIBRARIES = YES;
				BUNDLE_LOADER = "$(TEST_HOST)";
				CODE_SIGN_STYLE = Automatic;
				CURRENT_PROJECT_VERSION = 1;
				GENERATE_INFOPLIST_FILE = YES;
				IPHONEOS_DEPLOYMENT_TARGET = 15.5;
				MARKETING_VERSION = 1.0;
				PRODUCT_BUNDLE_IDENTIFIER = Mysolt.iOSDoMoreTests;
				PRODUCT_NAME = "$(TARGET_NAME)";
				SWIFT_EMIT_LOC_STRINGS = NO;
				SWIFT_VERSION = 5.0;
				TARGETED_DEVICE_FAMILY = "1,2";
				TEST_HOST = "$(BUILT_PRODUCTS_DIR)/iOSDoMore.app/iOSDoMore";
			};
			name = Debug;
		};
		5AC54A11288A7E0E0021D200 /* Release */ = {
			isa = XCBuildConfiguration;
			buildSettings = {
				ALWAYS_EMBED_SWIFT_STANDARD_LIBRARIES = YES;
				BUNDLE_LOADER = "$(TEST_HOST)";
				CODE_SIGN_STYLE = Automatic;
				CURRENT_PROJECT_VERSION = 1;
				GENERATE_INFOPLIST_FILE = YES;
				IPHONEOS_DEPLOYMENT_TARGET = 15.5;
				MARKETING_VERSION = 1.0;
				PRODUCT_BUNDLE_IDENTIFIER = Mysolt.iOSDoMoreTests;
				PRODUCT_NAME = "$(TARGET_NAME)";
				SWIFT_EMIT_LOC_STRINGS = NO;
				SWIFT_VERSION = 5.0;
				TARGETED_DEVICE_FAMILY = "1,2";
				TEST_HOST = "$(BUILT_PRODUCTS_DIR)/iOSDoMore.app/iOSDoMore";
			};
			name = Release;
		};
		5AC54A13288A7E0E0021D200 /* Debug */ = {
			isa = XCBuildConfiguration;
			buildSettings = {
				ALWAYS_EMBED_SWIFT_STANDARD_LIBRARIES = YES;
				CODE_SIGN_STYLE = Automatic;
				CURRENT_PROJECT_VERSION = 1;
				GENERATE_INFOPLIST_FILE = YES;
				MARKETING_VERSION = 1.0;
				PRODUCT_BUNDLE_IDENTIFIER = Mysolt.iOSDoMoreUITests;
				PRODUCT_NAME = "$(TARGET_NAME)";
				SWIFT_EMIT_LOC_STRINGS = NO;
				SWIFT_VERSION = 5.0;
				TARGETED_DEVICE_FAMILY = "1,2";
				TEST_TARGET_NAME = iOSDoMore;
			};
			name = Debug;
		};
		5AC54A14288A7E0E0021D200 /* Release */ = {
			isa = XCBuildConfiguration;
			buildSettings = {
				ALWAYS_EMBED_SWIFT_STANDARD_LIBRARIES = YES;
				CODE_SIGN_STYLE = Automatic;
				CURRENT_PROJECT_VERSION = 1;
				GENERATE_INFOPLIST_FILE = YES;
				MARKETING_VERSION = 1.0;
				PRODUCT_BUNDLE_IDENTIFIER = Mysolt.iOSDoMoreUITests;
				PRODUCT_NAME = "$(TARGET_NAME)";
				SWIFT_EMIT_LOC_STRINGS = NO;
				SWIFT_VERSION = 5.0;
				TARGETED_DEVICE_FAMILY = "1,2";
				TEST_TARGET_NAME = iOSDoMore;
			};
			name = Release;
		};
/* End XCBuildConfiguration section */

/* Begin XCConfigurationList section */
		5AC549DA288A7E070021D200 /* Build configuration list for PBXProject "iOSDoMore" */ = {
			isa = XCConfigurationList;
			buildConfigurations = (
				5AC54A0A288A7E0E0021D200 /* Debug */,
				5AC54A0B288A7E0E0021D200 /* Release */,
			);
			defaultConfigurationIsVisible = 0;
			defaultConfigurationName = Release;
		};
		5AC54A0C288A7E0E0021D200 /* Build configuration list for PBXNativeTarget "iOSDoMore" */ = {
			isa = XCConfigurationList;
			buildConfigurations = (
				5AC54A0D288A7E0E0021D200 /* Debug */,
				5AC54A0E288A7E0E0021D200 /* Release */,
			);
			defaultConfigurationIsVisible = 0;
			defaultConfigurationName = Release;
		};
		5AC54A0F288A7E0E0021D200 /* Build configuration list for PBXNativeTarget "iOSDoMoreTests" */ = {
			isa = XCConfigurationList;
			buildConfigurations = (
				5AC54A10288A7E0E0021D200 /* Debug */,
				5AC54A11288A7E0E0021D200 /* Release */,
			);
			defaultConfigurationIsVisible = 0;
			defaultConfigurationName = Release;
		};
		5AC54A12288A7E0E0021D200 /* Build configuration list for PBXNativeTarget "iOSDoMoreUITests" */ = {
			isa = XCConfigurationList;
			buildConfigurations = (
				5AC54A13288A7E0E0021D200 /* Debug */,
				5AC54A14288A7E0E0021D200 /* Release */,
			);
			defaultConfigurationIsVisible = 0;
			defaultConfigurationName = Release;
		};
/* End XCConfigurationList section */

/* Begin XCVersionGroup section */
		5AC549EB288A7E070021D200 /* iOSDoMore.xcdatamodeld */ = {
			isa = XCVersionGroup;
			children = (
				5AC549EC288A7E070021D200 /* iOSDoMore.xcdatamodel */,
			);
			currentVersion = 5AC549EC288A7E070021D200 /* iOSDoMore.xcdatamodel */;
			path = iOSDoMore.xcdatamodeld;
			sourceTree = "<group>";
			versionGroupType = wrapper.xcdatamodel;
		};
/* End XCVersionGroup section */
	};
	rootObject = 5AC549D7288A7E070021D200 /* Project object */;
}
